
Microsoft Visual Studio Solution File, Format Version 12.00
# Visual Studio 15
VisualStudioVersion = 15.0.28307.1340
MinimumVisualStudioVersion = 10.0.40219.1
Project("{FAE04EC0-301F-11D3-BF4B-00C04F79EFBC}") = "EjerciciosLINQ", "EjerciciosLINQ\EjerciciosLINQ.csproj", "{61351E6A-83B4-4B03-A85C-3ECBBBFE979F}"
EndProject
Global
	GlobalSection(SolutionConfigurationPlatforms) = preSolution
		Debug|Any CPU = Debug|Any CPU
		Release|Any CPU = Release|Any CPU
	EndGlobalSection
	GlobalSection(ProjectConfigurationPlatforms) = postSolution
		{61351E6A-83B4-4B03-A85C-3ECBBBFE979F}.Debug|Any CPU.ActiveCfg = Debug|Any CPU
		{61351E6A-83B4-4B03-A85C-3ECBBBFE979F}.Debug|Any CPU.Build.0 = Debug|Any CPU
		{61351E6A-83B4-4B03-A85C-3ECBBBFE979F}.Release|Any CPU.ActiveCfg = Release|Any CPU
		{61351E6A-83B4-4B03-A85C-3ECBBBFE979F}.Release|Any CPU.Build.0 = Release|Any CPU
	EndGlobalSection
	GlobalSection(SolutionProperties) = preSolution
		HideSolutionNode = FALSE
	EndGlobalSection
	GlobalSection(ExtensibilityGlobals) = postSolution
		SolutionGuid = {88B0F5B2-6CD6-4CED-ACED-7580E820E78C}
	EndGlobalSection
EndGlobal
